
Microsoft Visual Studio Solution File, Format Version 12.00
# Visual Studio Version 17
VisualStudioVersion = 17.0.32112.339
MinimumVisualStudioVersion = 10.0.40219.1
Project("{FAE04EC0-301F-11D3-BF4B-00C04F79EFBC}") = "AutomataFinito", "AutomataFinito\AutomataFinito.csproj", "{B7D54036-D476-4066-B8F7-89BF9F084BB4}"
EndProject
Global
	GlobalSection(SolutionConfigurationPlatforms) = preSolution
		Debug|Any CPU = Debug|Any CPU
		Release|Any CPU = Release|Any CPU
	EndGlobalSection
	GlobalSection(ProjectConfigurationPlatforms) = postSolution
		{B7D54036-D476-4066-B8F7-89BF9F084BB4}.Debug|Any CPU.ActiveCfg = Debug|Any CPU
		{B7D54036-D476-4066-B8F7-89BF9F084BB4}.Debug|Any CPU.Build.0 = Debug|Any CPU
		{B7D54036-D476-4066-B8F7-89BF9F084BB4}.Release|Any CPU.ActiveCfg = Release|Any CPU
		{B7D54036-D476-4066-B8F7-89BF9F084BB4}.Release|Any CPU.Build.0 = Release|Any CPU
	EndGlobalSection
	GlobalSection(SolutionProperties) = preSolution
		HideSolutionNode = FALSE
	EndGlobalSection
	GlobalSection(ExtensibilityGlobals) = postSolution
		SolutionGuid = {44432D56-4EF7-462C-B863-6989CE1BFF2B}
	EndGlobalSection
EndGlobal
